<?xml version="1.0" encoding="utf-8"?>
<Project ToolsVersion="4.0" xmlns="http://schemas.microsoft.com/developer/msbuild/2003">
  <ItemGroup>
    <Filter Include="Исходные файлы">
      <UniqueIdentifier>{4FC737F1-C7A5-4376-A066-2A32D752A2FF}</UniqueIdentifier>
      <Extensions>cpp;c;cc;cxx;c++;cppm;ixx;def;odl;idl;hpj;bat;asm;asmx</Extensions>
    </Filter>
    <Filter Include="Файлы заголовков">
      <UniqueIdentifier>{93995380-89BD-4b04-88EB-625FBE52EBFB}</UniqueIdentifier>
      <Extensions>h;hh;hpp;hxx;h++;hm;inl;inc;ipp;xsd</Extensions>
    </Filter>
    <Filter Include="Файлы ресурсов">
      <UniqueIdentifier>{67DA6AB6-F800-4c08-8B7A-83BB121AAD01}</UniqueIdentifier>
      <Extensions>rc;ico;cur;bmp;dlg;rc2;rct;bin;rgs;gif;jpg;jpeg;jpe;resx;tiff;tif;png;wav;mfcribbon-ms</Extensions>
    </Filter>
  </ItemGroup>
  <ItemGroup>
    <ClInclude Include="framework.h">
      <Filter>Файлы заголовков</Filter>
    </ClInclude>
    <ClInclude Include="targetver.h">
      <Filter>Файлы заголовков</Filter>
    </ClInclude>
    <ClInclude Include="Resource.h">
      <Filter>Файлы заголовков</Filter>
    </ClInclude>
    <ClInclude Include="Task10_11KG.h">
      <Filter>Файлы заголовков</Filter>
    </ClInclude>
    <ClInclude Include="SOIL.h">
      <Filter>Файлы заголовков</Filter>
    </ClInclude>
    <ClInclude Include="image_dxt.h">
      <Filter>Файлы заголовков</Filter>
    </ClInclude>
    <ClInclude Include="image_helper.h">
      <Filter>Файлы заголовков</Filter>
    </ClInclude>
    <ClInclude Include="stb_image_aug.h">
      <Filter>Файлы заголовков</Filter>
    </ClInclude>
    <ClInclude Include="stbi_dds_aug.h">
      <Filter>Файлы заголовков</Filter>
    </ClInclude>
    <ClInclude Include="stbi_dds_aug_c.h">
      <Filter>Файлы заголовков</Filter>
    </ClInclude>
  </ItemGroup>
  <ItemGroup>
    <ClCompile Include="Task10_11KG.cpp">
      <Filter>Исходные файлы</Filter>
    </ClCompile>
    <ClCompile Include="soil.c">
      <Filter>Исходные файлы</Filter>
    </ClCompile>
    <ClCompile Include="image_dxt.c">
      <Filter>Исходные файлы</Filter>
    </ClCompile>
    <ClCompile Include="image_helper.c">
      <Filter>Исходные файлы</Filter>
    </ClCompile>
    <ClCompile Include="stb_image_aug.c">
      <Filter>Исходные файлы</Filter>
    </ClCompile>
  </ItemGroup>
  <ItemGroup>
    <ResourceCompile Include="Task10_11KG.rc">
      <Filter>Файлы ресурсов</Filter>
    </ResourceCompile>
  </ItemGroup>
  <ItemGroup>
    <Image Include="small.ico">
      <Filter>Файлы ресурсов</Filter>
    </Image>
    <Image Include="Task10_11KG.ico">
      <Filter>Файлы ресурсов</Filter>
    </Image>
    <Image Include="texture.jpg">
      <Filter>Файлы ресурсов</Filter>
    </Image>
  </ItemGroup>
</Project>