
Microsoft Visual Studio Solution File, Format Version 12.00
# Visual Studio Version 17
VisualStudioVersion = 17.1.32328.378
MinimumVisualStudioVersion = 10.0.40219.1
Project("{8BC9CEB8-8B4A-11D0-8D11-00A0C91BC942}") = "Task2_KG", "Task2_KG\Task2_KG.vcxproj", "{4992C47B-BC41-450B-85DC-E4853F04F41F}"
EndProject
Project("{8BC9CEB8-8B4A-11D0-8D11-00A0C91BC942}") = "Task2_2_KG", "Task2_2_KG\Task2_2_KG.vcxproj", "{FFF22988-682A-4E7B-A53F-1234BBB7CCA2}"
EndProject
Project("{8BC9CEB8-8B4A-11D0-8D11-00A0C91BC942}") = "Task2_3_KG", "Task2_3_KG\Task2_3_KG.vcxproj", "{216AFED7-ADC7-4C05-9FFA-B58FC4FF9CFF}"
EndProject
Global
	GlobalSection(SolutionConfigurationPlatforms) = preSolution
		Debug|x64 = Debug|x64
		Debug|x86 = Debug|x86
		Release|x64 = Release|x64
		Release|x86 = Release|x86
	EndGlobalSection
	GlobalSection(ProjectConfigurationPlatforms) = postSolution
		{4992C47B-BC41-450B-85DC-E4853F04F41F}.Debug|x64.ActiveCfg = Debug|x64
		{4992C47B-BC41-450B-85DC-E4853F04F41F}.Debug|x64.Build.0 = Debug|x64
		{4992C47B-BC41-450B-85DC-E4853F04F41F}.Debug|x86.ActiveCfg = Debug|Win32
		{4992C47B-BC41-450B-85DC-E4853F04F41F}.Debug|x86.Build.0 = Debug|Win32
		{4992C47B-BC41-450B-85DC-E4853F04F41F}.Release|x64.ActiveCfg = Release|x64
		{4992C47B-BC41-450B-85DC-E4853F04F41F}.Release|x64.Build.0 = Release|x64
		{4992C47B-BC41-450B-85DC-E4853F04F41F}.Release|x86.ActiveCfg = Release|Win32
		{4992C47B-BC41-450B-85DC-E4853F04F41F}.Release|x86.Build.0 = Release|Win32
		{FFF22988-682A-4E7B-A53F-1234BBB7CCA2}.Debug|x64.ActiveCfg = Debug|x64
		{FFF22988-682A-4E7B-A53F-1234BBB7CCA2}.Debug|x64.Build.0 = Debug|x64
		{FFF22988-682A-4E7B-A53F-1234BBB7CCA2}.Debug|x86.ActiveCfg = Debug|Win32
		{FFF22988-682A-4E7B-A53F-1234BBB7CCA2}.Debug|x86.Build.0 = Debug|Win32
		{FFF22988-682A-4E7B-A53F-1234BBB7CCA2}.Release|x64.ActiveCfg = Release|x64
		{FFF22988-682A-4E7B-A53F-1234BBB7CCA2}.Release|x64.Build.0 = Release|x64
		{FFF22988-682A-4E7B-A53F-1234BBB7CCA2}.Release|x86.ActiveCfg = Release|Win32
		{FFF22988-682A-4E7B-A53F-1234BBB7CCA2}.Release|x86.Build.0 = Release|Win32
		{216AFED7-ADC7-4C05-9FFA-B58FC4FF9CFF}.Debug|x64.ActiveCfg = Debug|x64
		{216AFED7-ADC7-4C05-9FFA-B58FC4FF9CFF}.Debug|x64.Build.0 = Debug|x64
		{216AFED7-ADC7-4C05-9FFA-B58FC4FF9CFF}.Debug|x86.ActiveCfg = Debug|Win32
		{216AFED7-ADC7-4C05-9FFA-B58FC4FF9CFF}.Debug|x86.Build.0 = Debug|Win32
		{216AFED7-ADC7-4C05-9FFA-B58FC4FF9CFF}.Release|x64.ActiveCfg = Release|x64
		{216AFED7-ADC7-4C05-9FFA-B58FC4FF9CFF}.Release|x64.Build.0 = Release|x64
		{216AFED7-ADC7-4C05-9FFA-B58FC4FF9CFF}.Release|x86.ActiveCfg = Release|Win32
		{216AFED7-ADC7-4C05-9FFA-B58FC4FF9CFF}.Release|x86.Build.0 = Release|Win32
	EndGlobalSection
	GlobalSection(SolutionProperties) = preSolution
		HideSolutionNode = FALSE
	EndGlobalSection
	GlobalSection(ExtensibilityGlobals) = postSolution
		SolutionGuid = {AD7EA3BE-207A-4C4A-8508-71396F97802D}
	EndGlobalSection
EndGlobal
